
Microsoft Visual Studio Solution File, Format Version 12.00
# Visual Studio 15
VisualStudioVersion = 15.0.28010.2016
MinimumVisualStudioVersion = 10.0.40219.1
Project("{FAE04EC0-301F-11D3-BF4B-00C04F79EFBC}") = "AnotherCROSSERTESTER", "AnotherCROSSERTESTER\AnotherCROSSERTESTER.csproj", "{515F31BE-25A6-4969-8D0D-4BD234533DC0}"
EndProject
Global
	GlobalSection(SolutionConfigurationPlatforms) = preSolution
		Debug|Any CPU = Debug|Any CPU
		Release|Any CPU = Release|Any CPU
	EndGlobalSection
	GlobalSection(ProjectConfigurationPlatforms) = postSolution
		{515F31BE-25A6-4969-8D0D-4BD234533DC0}.Debug|Any CPU.ActiveCfg = Debug|Any CPU
		{515F31BE-25A6-4969-8D0D-4BD234533DC0}.Debug|Any CPU.Build.0 = Debug|Any CPU
		{515F31BE-25A6-4969-8D0D-4BD234533DC0}.Release|Any CPU.ActiveCfg = Release|Any CPU
		{515F31BE-25A6-4969-8D0D-4BD234533DC0}.Release|Any CPU.Build.0 = Release|Any CPU
	EndGlobalSection
	GlobalSection(SolutionProperties) = preSolution
		HideSolutionNode = FALSE
	EndGlobalSection
	GlobalSection(ExtensibilityGlobals) = postSolution
		SolutionGuid = {3B3F5F94-6637-48BF-9A3A-9AB31B5C24DD}
	EndGlobalSection
EndGlobal
