
Microsoft Visual Studio Solution File, Format Version 12.00
# Visual Studio 15
VisualStudioVersion = 15.0.28010.2016
MinimumVisualStudioVersion = 10.0.40219.1
Project("{FAE04EC0-301F-11D3-BF4B-00C04F79EFBC}") = "GameInputOption3", "GameInputOption3\GameInputOption3.csproj", "{044F4555-40B0-4384-B8BE-92060CB83242}"
EndProject
Global
	GlobalSection(SolutionConfigurationPlatforms) = preSolution
		Debug|Any CPU = Debug|Any CPU
		Release|Any CPU = Release|Any CPU
	EndGlobalSection
	GlobalSection(ProjectConfigurationPlatforms) = postSolution
		{044F4555-40B0-4384-B8BE-92060CB83242}.Debug|Any CPU.ActiveCfg = Debug|Any CPU
		{044F4555-40B0-4384-B8BE-92060CB83242}.Debug|Any CPU.Build.0 = Debug|Any CPU
		{044F4555-40B0-4384-B8BE-92060CB83242}.Release|Any CPU.ActiveCfg = Release|Any CPU
		{044F4555-40B0-4384-B8BE-92060CB83242}.Release|Any CPU.Build.0 = Release|Any CPU
	EndGlobalSection
	GlobalSection(SolutionProperties) = preSolution
		HideSolutionNode = FALSE
	EndGlobalSection
	GlobalSection(ExtensibilityGlobals) = postSolution
		SolutionGuid = {4F33017F-852D-4540-B167-D0B49E96F701}
	EndGlobalSection
EndGlobal
